
Microsoft Visual Studio Solution File, Format Version 12.00
# Visual Studio Version 17
VisualStudioVersion = 17.2.32516.85
MinimumVisualStudioVersion = 10.0.40219.1
Project("{8BC9CEB8-8B4A-11D0-8D11-00A0C91BC942}") = "W15_SI2", "W15_SI2\W15_SI2.vcxproj", "{3F8A1409-50DE-464D-8FCA-C2AC9E87BDC0}"
EndProject
Global
	GlobalSection(SolutionConfigurationPlatforms) = preSolution
		Debug|x64 = Debug|x64
		Debug|x86 = Debug|x86
		Release|x64 = Release|x64
		Release|x86 = Release|x86
	EndGlobalSection
	GlobalSection(ProjectConfigurationPlatforms) = postSolution
		{3F8A1409-50DE-464D-8FCA-C2AC9E87BDC0}.Debug|x64.ActiveCfg = Debug|x64
		{3F8A1409-50DE-464D-8FCA-C2AC9E87BDC0}.Debug|x64.Build.0 = Debug|x64
		{3F8A1409-50DE-464D-8FCA-C2AC9E87BDC0}.Debug|x86.ActiveCfg = Debug|Win32
		{3F8A1409-50DE-464D-8FCA-C2AC9E87BDC0}.Debug|x86.Build.0 = Debug|Win32
		{3F8A1409-50DE-464D-8FCA-C2AC9E87BDC0}.Release|x64.ActiveCfg = Release|x64
		{3F8A1409-50DE-464D-8FCA-C2AC9E87BDC0}.Release|x64.Build.0 = Release|x64
		{3F8A1409-50DE-464D-8FCA-C2AC9E87BDC0}.Release|x86.ActiveCfg = Release|Win32
		{3F8A1409-50DE-464D-8FCA-C2AC9E87BDC0}.Release|x86.Build.0 = Release|Win32
	EndGlobalSection
	GlobalSection(SolutionProperties) = preSolution
		HideSolutionNode = FALSE
	EndGlobalSection
	GlobalSection(ExtensibilityGlobals) = postSolution
		SolutionGuid = {7A2A50F9-379C-403B-BBD2-00F1BFF95206}
	EndGlobalSection
EndGlobal
